
Microsoft Visual Studio Solution File, Format Version 12.00
# Visual Studio Version 16
VisualStudioVersion = 16.0.30114.105
MinimumVisualStudioVersion = 10.0.40219.1
Project("{FAE04EC0-301F-11D3-BF4B-00C04F79EFBC}") = "Chapter05StringMethods", "Chapter05StringMethods\Chapter05StringMethods.csproj", "{512D78D7-FBCE-41C0-8F21-C845A178DBC4}"
EndProject
Global
	GlobalSection(SolutionConfigurationPlatforms) = preSolution
		Debug|Any CPU = Debug|Any CPU
		Release|Any CPU = Release|Any CPU
	EndGlobalSection
	GlobalSection(ProjectConfigurationPlatforms) = postSolution
		{512D78D7-FBCE-41C0-8F21-C845A178DBC4}.Debug|Any CPU.ActiveCfg = Debug|Any CPU
		{512D78D7-FBCE-41C0-8F21-C845A178DBC4}.Debug|Any CPU.Build.0 = Debug|Any CPU
		{512D78D7-FBCE-41C0-8F21-C845A178DBC4}.Release|Any CPU.ActiveCfg = Release|Any CPU
		{512D78D7-FBCE-41C0-8F21-C845A178DBC4}.Release|Any CPU.Build.0 = Release|Any CPU
	EndGlobalSection
	GlobalSection(SolutionProperties) = preSolution
		HideSolutionNode = FALSE
	EndGlobalSection
	GlobalSection(ExtensibilityGlobals) = postSolution
		SolutionGuid = {1C85F57A-2B2F-492C-9FFB-A549FCC05CCE}
	EndGlobalSection
EndGlobal
